Microsoft Visual Studio Solution File, Format Version 12.00
# Visual Studio Version 17
VisualStudioVersion = 17.5.2.0
MinimumVisualStudioVersion = 10.0.40219.1
Project("{FAE04EC0-301F-11D3-BF4B-00C04F79EFBC}") = "hackz", "hackz.csproj", "{A0FDCDFE-44A3-BD1D-63DC-C206BB9ECBC4}"
EndProject
Global
	GlobalSection(SolutionConfigurationPlatforms) = preSolution
		Debug|Any CPU = Debug|Any CPU
		Release|Any CPU = Release|Any CPU
	EndGlobalSection
	GlobalSection(ProjectConfigurationPlatforms) = postSolution
		{A0FDCDFE-44A3-BD1D-63DC-C206BB9ECBC4}.Debug|Any CPU.ActiveCfg = Debug|Any CPU
		{A0FDCDFE-44A3-BD1D-63DC-C206BB9ECBC4}.Debug|Any CPU.Build.0 = Debug|Any CPU
		{A0FDCDFE-44A3-BD1D-63DC-C206BB9ECBC4}.Release|Any CPU.ActiveCfg = Release|Any CPU
		{A0FDCDFE-44A3-BD1D-63DC-C206BB9ECBC4}.Release|Any CPU.Build.0 = Release|Any CPU
	EndGlobalSection
	GlobalSection(SolutionProperties) = preSolution
		HideSolutionNode = FALSE
	EndGlobalSection
	GlobalSection(ExtensibilityGlobals) = postSolution
		SolutionGuid = {65ED8C5C-B066-4325-9728-63706BE7177A}
	EndGlobalSection
EndGlobal
